
Microsoft Visual Studio Solution File, Format Version 12.00
# Visual Studio Version 17
VisualStudioVersion = 17.0.32014.148
MinimumVisualStudioVersion = 10.0.40219.1
Project("{FAE04EC0-301F-11D3-BF4B-00C04F79EFBC}") = "Dictionary", "Dictionary\Dictionary.csproj", "{511522B9-E306-4A01-8DEA-9EBED06C9EE4}"
EndProject
Global
	GlobalSection(SolutionConfigurationPlatforms) = preSolution
		Debug|Any CPU = Debug|Any CPU
		Release|Any CPU = Release|Any CPU
	EndGlobalSection
	GlobalSection(ProjectConfigurationPlatforms) = postSolution
		{511522B9-E306-4A01-8DEA-9EBED06C9EE4}.Debug|Any CPU.ActiveCfg = Debug|Any CPU
		{511522B9-E306-4A01-8DEA-9EBED06C9EE4}.Debug|Any CPU.Build.0 = Debug|Any CPU
		{511522B9-E306-4A01-8DEA-9EBED06C9EE4}.Release|Any CPU.ActiveCfg = Release|Any CPU
		{511522B9-E306-4A01-8DEA-9EBED06C9EE4}.Release|Any CPU.Build.0 = Release|Any CPU
	EndGlobalSection
	GlobalSection(SolutionProperties) = preSolution
		HideSolutionNode = FALSE
	EndGlobalSection
	GlobalSection(ExtensibilityGlobals) = postSolution
		SolutionGuid = {03E6292D-2CF7-4631-98A4-C5247BB67DA6}
	EndGlobalSection
EndGlobal
